// !$*UTF8*$!
{
	archiveVersion = 1;
	classes = {
	};
	objectVersion = 56;
	objects = {

/* Begin PBXBuildFile section */
		F30D9B5F297F8B770096A409 /* AppDelegate.swift in Sources */ = {isa = PBXBuildFile; fileRef = F30D9B5E297F8B770096A409 /* AppDelegate.swift */; };
		F30D9B61297F8B770096A409 /* SceneDelegate.swift in Sources */ = {isa = PBXBuildFile; fileRef = F30D9B60297F8B770096A409 /* SceneDelegate.swift */; };
		F30D9B63297F8B770096A409 /* ViewController.swift in Sources */ = {isa = PBXBuildFile; fileRef = F30D9B62297F8B770096A409 /* ViewController.swift */; };
		F30D9B66297F8B770096A409 /* Main.storyboard in Resources */ = {isa = PBXBuildFile; fileRef = F30D9B64297F8B770096A409 /* Main.storyboard */; };
		F30D9B68297F8B790096A409 /* Assets.xcassets in Resources */ = {isa = PBXBuildFile; fileRef = F30D9B67297F8B790096A409 /* Assets.xcassets */; };
		F30D9B6B297F8B790096A409 /* LaunchScreen.storyboard in Resources */ = {isa = PBXBuildFile; fileRef = F30D9B69297F8B790096A409 /* LaunchScreen.storyboard */; };
		F30D9B74297F8C880096A409 /* RegionTableViewCell.swift in Sources */ = {isa = PBXBuildFile; fileRef = F30D9B72297F8C880096A409 /* RegionTableViewCell.swift */; };
		F30D9B75297F8C880096A409 /* RegionTableViewCell.xib in Resources */ = {isa = PBXBuildFile; fileRef = F30D9B73297F8C880096A409 /* RegionTableViewCell.xib */; };
		F30D9B77297F8CDE0096A409 /* RegionViewModel.swift in Sources */ = {isa = PBXBuildFile; fileRef = F30D9B76297F8CDE0096A409 /* RegionViewModel.swift */; };
		F3775CA6298395830034BC46 /* Extension.swift in Sources */ = {isa = PBXBuildFile; fileRef = F3775CA5298395830034BC46 /* Extension.swift */; };
/* End PBXBuildFile section */

/* Begin PBXFileReference section */
		F30D9B5B297F8B770096A409 /* SearchRegionApp.app */ = {isa = PBXFileReference; explicitFileType = wrapper.application; includeInIndex = 0; path = SearchRegionApp.app; sourceTree = BUILT_PRODUCTS_DIR; };
		F30D9B5E297F8B770096A409 /* AppDelegate.swift */ = {isa = PBXFileReference; lastKnownFileType = sourcecode.swift; path = AppDelegate.swift; sourceTree = "<group>"; };
		F30D9B60297F8B770096A409 /* SceneDelegate.swift */ = {isa = PBXFileReference; lastKnownFileType = sourcecode.swift; path = SceneDelegate.swift; sourceTree = "<group>"; };
		F30D9B62297F8B770096A409 /* ViewController.swift */ = {isa = PBXFileReference; lastKnownFileType = sourcecode.swift; path = ViewController.swift; sourceTree = "<group>"; };
		F30D9B65297F8B770096A409 /* Base */ = {isa = PBXFileReference; lastKnownFileType = file.storyboard; name = Base; path = Base.lproj/Main.storyboard; sourceTree = "<group>"; };
		F30D9B67297F8B790096A409 /* Assets.xcassets */ = {isa = PBXFileReference; lastKnownFileType = folder.assetcatalog; path = Assets.xcassets; sourceTree = "<group>"; };
		F30D9B6A297F8B790096A409 /* Base */ = {isa = PBXFileReference; lastKnownFileType = file.storyboard; name = Base; path = Base.lproj/LaunchScreen.storyboard; sourceTree = "<group>"; };
		F30D9B6C297F8B790096A409 /* Info.plist */ = {isa = PBXFileReference; lastKnownFileType = text.plist.xml; path = Info.plist; sourceTree = "<group>"; };
		F30D9B72297F8C880096A409 /* RegionTableViewCell.swift */ = {isa = PBXFileReference; lastKnownFileType = sourcecode.swift; path = RegionTableViewCell.swift; sourceTree = "<group>"; };
		F30D9B73297F8C880096A409 /* RegionTableViewCell.xib */ = {isa = PBXFileReference; lastKnownFileType = file.xib; path = RegionTableViewCell.xib; sourceTree = "<group>"; };
		F30D9B76297F8CDE0096A409 /* RegionViewModel.swift */ = {isa = PBXFileReference; lastKnownFileType = sourcecode.swift; path = RegionViewModel.swift; sourceTree = "<group>"; };
		F3775CA5298395830034BC46 /* Extension.swift */ = {isa = PBXFileReference; lastKnownFileType = sourcecode.swift; path = Extension.swift; sourceTree = "<group>"; };
/* End PBXFileReference section */

/* Begin PBXFrameworksBuildPhase section */
		F30D9B58297F8B770096A409 /* Frameworks */ = {
			isa = PBXFrameworksBuildPhase;
			buildActionMask = 2147483647;
			files = (
			);
			runOnlyForDeploymentPostprocessing = 0;
		};
/* End PBXFrameworksBuildPhase section */

/* Begin PBXGroup section */
		F30D9B52297F8B770096A409 = {
			isa = PBXGroup;
			children = (
				F30D9B5D297F8B770096A409 /* SearchRegionApp */,
				F30D9B5C297F8B770096A409 /* Products */,
			);
			sourceTree = "<group>";
		};
		F30D9B5C297F8B770096A409 /* Products */ = {
			isa = PBXGroup;
			children = (
				F30D9B5B297F8B770096A409 /* SearchRegionApp.app */,
			);
			name = Products;
			sourceTree = "<group>";
		};
		F30D9B5D297F8B770096A409 /* SearchRegionApp */ = {
			isa = PBXGroup;
			children = (
				F30D9B5E297F8B770096A409 /* AppDelegate.swift */,
				F30D9B60297F8B770096A409 /* SceneDelegate.swift */,
				F30D9B62297F8B770096A409 /* ViewController.swift */,
				F30D9B64297F8B770096A409 /* Main.storyboard */,
				F30D9B67297F8B790096A409 /* Assets.xcassets */,
				F30D9B69297F8B790096A409 /* LaunchScreen.storyboard */,
				F30D9B6C297F8B790096A409 /* Info.plist */,
				F30D9B72297F8C880096A409 /* RegionTableViewCell.swift */,
				F30D9B73297F8C880096A409 /* RegionTableViewCell.xib */,
				F30D9B76297F8CDE0096A409 /* RegionViewModel.swift */,
				F3775CA5298395830034BC46 /* Extension.swift */,
			);
			path = SearchRegionApp;
			sourceTree = "<group>";
		};
/* End PBXGroup section */

/* Begin PBXNativeTarget section */
		F30D9B5A297F8B770096A409 /* SearchRegionApp */ = {
			isa = PBXNativeTarget;
			buildConfigurationList = F30D9B6F297F8B790096A409 /* Build configuration list for PBXNativeTarget "SearchRegionApp" */;
			buildPhases = (
				F30D9B57297F8B770096A409 /* Sources */,
				F30D9B58297F8B770096A409 /* Frameworks */,
				F30D9B59297F8B770096A409 /* Resources */,
			);
			buildRules = (
			);
			dependencies = (
			);
			name = SearchRegionApp;
			productName = SearchRegionApp;
			productReference = F30D9B5B297F8B770096A409 /* SearchRegionApp.app */;
			productType = "com.apple.product-type.application";
		};
/* End PBXNativeTarget section */

/* Begin PBXProject section */
		F30D9B53297F8B770096A409 /* Project object */ = {
			isa = PBXProject;
			attributes = {
				BuildIndependentTargetsInParallel = 1;
				LastSwiftUpdateCheck = 1410;
				LastUpgradeCheck = 1410;
				TargetAttributes = {
					F30D9B5A297F8B770096A409 = {
						CreatedOnToolsVersion = 14.1;
					};
				};
			};
			buildConfigurationList = F30D9B56297F8B770096A409 /* Build configuration list for PBXProject "SearchRegionApp" */;
			compatibilityVersion = "Xcode 14.0";
			developmentRegion = en;
			hasScannedForEncodings = 0;
			knownRegions = (
				en,
				Base,
			);
			mainGroup = F30D9B52297F8B770096A409;
			productRefGroup = F30D9B5C297F8B770096A409 /* Products */;
			projectDirPath = "";
			projectRoot = "";
			targets = (
				F30D9B5A297F8B770096A409 /* SearchRegionApp */,
			);
		};
/* End PBXProject section */

/* Begin PBXResourcesBuildPhase section */
		F30D9B59297F8B770096A409 /* Resources */ = {
			isa = PBXResourcesBuildPhase;
			buildActionMask = 2147483647;
			files = (
				F30D9B6B297F8B790096A409 /* LaunchScreen.storyboard in Resources */,
				F30D9B68297F8B790096A409 /* Assets.xcassets in Resources */,
				F30D9B66297F8B770096A409 /* Main.storyboard in Resources */,
				F30D9B75297F8C880096A409 /* RegionTableViewCell.xib in Resources */,
			);
			runOnlyForDeploymentPostprocessing = 0;
		};
/* End PBXResourcesBuildPhase section */

/* Begin PBXSourcesBuildPhase section */
		F30D9B57297F8B770096A409 /* Sources */ = {
			isa = PBXSourcesBuildPhase;
			buildActionMask = 2147483647;
			files = (
				F30D9B77297F8CDE0096A409 /* RegionViewModel.swift in Sources */,
				F30D9B63297F8B770096A409 /* ViewController.swift in Sources */,
				F30D9B5F297F8B770096A409 /* AppDelegate.swift in Sources */,
				F3775CA6298395830034BC46 /* Extension.swift in Sources */,
				F30D9B61297F8B770096A409 /* SceneDelegate.swift in Sources */,
				F30D9B74297F8C880096A409 /* RegionTableViewCell.swift in Sources */,
			);
			runOnlyForDeploymentPostprocessing = 0;
		};
/* End PBXSourcesBuildPhase section */

/* Begin PBXVariantGroup section */
		F30D9B64297F8B770096A409 /* Main.storyboard */ = {
			isa = PBXVariantGroup;
			children = (
				F30D9B65297F8B770096A409 /* Base */,
			);
			name = Main.storyboard;
			sourceTree = "<group>";
		};
		F30D9B69297F8B790096A409 /* LaunchScreen.storyboard */ = {
			isa = PBXVariantGroup;
			children = (
				F30D9B6A297F8B790096A409 /* Base */,
			);
			name = LaunchScreen.storyboard;
			sourceTree = "<group>";
		};
/* End PBXVariantGroup section */

/* Begin XCBuildConfiguration section */
		F30D9B6D297F8B790096A409 /* Debug */ = {
			isa = XCBuildConfiguration;
			buildSettings = {
				ALWAYS_SEARCH_USER_PATHS = NO;
				CLANG_ANALYZER_NONNULL = YES;
				CLANG_ANALYZER_NUMBER_OBJECT_CONVERSION = YES_AGGRESSIVE;
				CLANG_CXX_LANGUAGE_STANDARD = "gnu++20";
				CLANG_ENABLE_MODULES = YES;
				CLANG_ENABLE_OBJC_ARC = YES;
				CLANG_ENABLE_OBJC_WEAK = YES;
				CLANG_WARN_BLOCK_CAPTURE_AUTORELEASING = YES;
				CLANG_WARN_BOOL_CONVERSION = YES;
				CLANG_WARN_COMMA = YES;
				CLANG_WARN_CONSTANT_CONVERSION = YES;
				CLANG_WARN_DEPRECATED_OBJC_IMPLEMENTATIONS = YES;
				CLANG_WARN_DIRECT_OBJC_ISA_USAGE = YES_ERROR;
				CLANG_WARN_DOCUMENTATION_COMMENTS = YES;
				CLANG_WARN_EMPTY_BODY = YES;
				CLANG_WARN_ENUM_CONVERSION = YES;
				CLANG_WARN_INFINITE_RECURSION = YES;
				CLANG_WARN_INT_CONVERSION = YES;
				CLANG_WARN_NON_LITERAL_NULL_CONVERSION = YES;
				CLANG_WARN_OBJC_IMPLICIT_RETAIN_SELF = YES;
				CLANG_WARN_OBJC_LITERAL_CONVERSION = YES;
				CLANG_WARN_OBJC_ROOT_CLASS = YES_ERROR;
				CLANG_WARN_QUOTED_INCLUDE_IN_FRAMEWORK_HEADER = YES;
				CLANG_WARN_RANGE_LOOP_ANALYSIS = YES;
				CLANG_WARN_STRICT_PROTOTYPES = YES;
				CLANG_WARN_SUSPICIOUS_MOVE = YES;
				CLANG_WARN_UNGUARDED_AVAILABILITY = YES_AGGRESSIVE;
				CLANG_WARN_UNREACHABLE_CODE = YES;
				CLANG_WARN__DUPLICATE_METHOD_MATCH = YES;
				COPY_PHASE_STRIP = NO;
				DEBUG_INFORMATION_FORMAT = dwarf;
				ENABLE_STRICT_OBJC_MSGSEND = YES;
				ENABLE_TESTABILITY = YES;
				GCC_C_LANGUAGE_STANDARD = gnu11;
				GCC_DYNAMIC_NO_PIC = NO;
				GCC_NO_COMMON_BLOCKS = YES;
				GCC_OPTIMIZATION_LEVEL = 0;
				GCC_PREPROCESSOR_DEFINITIONS = (
					"DEBUG=1",
					"$(inherited)",
				);
				GCC_WARN_64_TO_32_BIT_CONVERSION = YES;
				GCC_WARN_ABOUT_RETURN_TYPE = YES_ERROR;
				GCC_WARN_UNDECLARED_SELECTOR = YES;
				GCC_WARN_UNINITIALIZED_AUTOS = YES_AGGRESSIVE;
				GCC_WARN_UNUSED_FUNCTION = YES;
				GCC_WARN_UNUSED_VARIABLE = YES;
				IPHONEOS_DEPLOYMENT_TARGET = 13.0;
				MTL_ENABLE_DEBUG_INFO = INCLUDE_SOURCE;
				MTL_FAST_MATH = YES;
				ONLY_ACTIVE_ARCH = YES;
				SDKROOT = iphoneos;
				SWIFT_ACTIVE_COMPILATION_CONDITIONS = DEBUG;
				SWIFT_OPTIMIZATION_LEVEL = "-Onone";
			};
			name = Debug;
		};
		F30D9B6E297F8B790096A409 /* Release */ = {
			isa = XCBuildConfiguration;
			buildSettings = {
				ALWAYS_SEARCH_USER_PATHS = NO;
				CLANG_ANALYZER_NONNULL = YES;
				CLANG_ANALYZER_NUMBER_OBJECT_CONVERSION = YES_AGGRESSIVE;
				CLANG_CXX_LANGUAGE_STANDARD = "gnu++20";
				CLANG_ENABLE_MODULES = YES;
				CLANG_ENABLE_OBJC_ARC = YES;
				CLANG_ENABLE_OBJC_WEAK = YES;
				CLANG_WARN_BLOCK_CAPTURE_AUTORELEASING = YES;
				CLANG_WARN_BOOL_CONVERSION = YES;
				CLANG_WARN_COMMA = YES;
				CLANG_WARN_CONSTANT_CONVERSION = YES;
				CLANG_WARN_DEPRECATED_OBJC_IMPLEMENTATIONS = YES;
				CLANG_WARN_DIRECT_OBJC_ISA_USAGE = YES_ERROR;
				CLANG_WARN_DOCUMENTATION_COMMENTS = YES;
				CLANG_WARN_EMPTY_BODY = YES;
				CLANG_WARN_ENUM_CONVERSION = YES;
				CLANG_WARN_INFINITE_RECURSION = YES;
				CLANG_WARN_INT_CONVERSION = YES;
				CLANG_WARN_NON_LITERAL_NULL_CONVERSION = YES;
				CLANG_WARN_OBJC_IMPLICIT_RETAIN_SELF = YES;
				CLANG_WARN_OBJC_LITERAL_CONVERSION = YES;
				CLANG_WARN_OBJC_ROOT_CLASS = YES_ERROR;
				CLANG_WARN_QUOTED_INCLUDE_IN_FRAMEWORK_HEADER = YES;
				CLANG_WARN_RANGE_LOOP_ANALYSIS = YES;
				CLANG_WARN_STRICT_PROTOTYPES = YES;
				CLANG_WARN_SUSPICIOUS_MOVE = YES;
				CLANG_WARN_UNGUARDED_AVAILABILITY = YES_AGGRESSIVE;
				CLANG_WARN_UNREACHABLE_CODE = YES;
				CLANG_WARN__DUPLICATE_METHOD_MATCH = YES;
				COPY_PHASE_STRIP = NO;
				DEBUG_INFORMATION_FORMAT = "dwarf-with-dsym";
				ENABLE_NS_ASSERTIONS = NO;
				ENABLE_STRICT_OBJC_MSGSEND = YES;
				GCC_C_LANGUAGE_STANDARD = gnu11;
				GCC_NO_COMMON_BLOCKS = YES;
				GCC_WARN_64_TO_32_BIT_CONVERSION = YES;
				GCC_WARN_ABOUT_RETURN_TYPE = YES_ERROR;
				GCC_WARN_UNDECLARED_SELECTOR = YES;
				GCC_WARN_UNINITIALIZED_AUTOS = YES_AGGRESSIVE;
				GCC_WARN_UNUSED_FUNCTION = YES;
				GCC_WARN_UNUSED_VARIABLE = YES;
				IPHONEOS_DEPLOYMENT_TARGET = 13.0;
				MTL_ENABLE_DEBUG_INFO = NO;
				MTL_FAST_MATH = YES;
				SDKROOT = iphoneos;
				SWIFT_COMPILATION_MODE = wholemodule;
				SWIFT_OPTIMIZATION_LEVEL = "-O";
				VALIDATE_PRODUCT = YES;
			};
			name = Release;
		};
		F30D9B70297F8B790096A409 /* Debug */ = {
			isa = XCBuildConfiguration;
			buildSettings = {
				ASSETCATALOG_COMPILER_APPICON_NAME = AppIcon;
				ASSETCATALOG_COMPILER_GLOBAL_ACCENT_COLOR_NAME = AccentColor;
				CODE_SIGN_STYLE = Automatic;
				CURRENT_PROJECT_VERSION = 1;
				DEVELOPMENT_TEAM = L6VPYXD3CW;
				GENERATE_INFOPLIST_FILE = YES;
				INFOPLIST_FILE = SearchRegionApp/Info.plist;
				INFOPLIST_KEY_UIApplicationSupportsIndirectInputEvents = YES;
				INFOPLIST_KEY_UILaunchStoryboardName = LaunchScreen;
				INFOPLIST_KEY_UIMainStoryboardFile = Main;
				INFOPLIST_KEY_UISupportedInterfaceOrientations_iPad = "UIInterfaceOrientationPortrait UIInterfaceOrientationPortraitUpsideDown UIInterfaceOrientationLandscapeLeft UIInterfaceOrientationLandscapeRight";
				INFOPLIST_KEY_UISupportedInterfaceOrientations_iPhone = "UIInterfaceOrientationPortrait UIInterfaceOrientationLandscapeLeft UIInterfaceOrientationLandscapeRight";
				LD_RUNPATH_SEARCH_PATHS = (
					"$(inherited)",
					"@executable_path/Frameworks",
				);
				MARKETING_VERSION = 1.0;
				PRODUCT_BUNDLE_IDENTIFIER = PeterChen.SearchRegionApp;
				PRODUCT_NAME = "$(TARGET_NAME)";
				SWIFT_EMIT_LOC_STRINGS = YES;
				SWIFT_VERSION = 5.0;
				TARGETED_DEVICE_FAMILY = "1,2";
			};
			name = Debug;
		};
		F30D9B71297F8B790096A409 /* Release */ = {
			isa = XCBuildConfiguration;
			buildSettings = {
				ASSETCATALOG_COMPILER_APPICON_NAME = AppIcon;
				ASSETCATALOG_COMPILER_GLOBAL_ACCENT_COLOR_NAME = AccentColor;
				CODE_SIGN_STYLE = Automatic;
				CURRENT_PROJECT_VERSION = 1;
				DEVELOPMENT_TEAM = L6VPYXD3CW;
				GENERATE_INFOPLIST_FILE = YES;
				INFOPLIST_FILE = SearchRegionApp/Info.plist;
				INFOPLIST_KEY_UIApplicationSupportsIndirectInputEvents = YES;
				INFOPLIST_KEY_UILaunchStoryboardName = LaunchScreen;
				INFOPLIST_KEY_UIMainStoryboardFile = Main;
				INFOPLIST_KEY_UISupportedInterfaceOrientations_iPad = "UIInterfaceOrientationPortrait UIInterfaceOrientationPortraitUpsideDown UIInterfaceOrientationLandscapeLeft UIInterfaceOrientationLandscapeRight";
				INFOPLIST_KEY_UISupportedInterfaceOrientations_iPhone = "UIInterfaceOrientationPortrait UIInterfaceOrientationLandscapeLeft UIInterfaceOrientationLandscapeRight";
				LD_RUNPATH_SEARCH_PATHS = (
					"$(inherited)",
					"@executable_path/Frameworks",
				);
				MARKETING_VERSION = 1.0;
				PRODUCT_BUNDLE_IDENTIFIER = PeterChen.SearchRegionApp;
				PRODUCT_NAME = "$(TARGET_NAME)";
				SWIFT_EMIT_LOC_STRINGS = YES;
				SWIFT_VERSION = 5.0;
				TARGETED_DEVICE_FAMILY = "1,2";
			};
			name = Release;
		};
/* End XCBuildConfiguration section */

/* Begin XCConfigurationList section */
		F30D9B56297F8B770096A409 /* Build configuration list for PBXProject "SearchRegionApp" */ = {
			isa = XCConfigurationList;
			buildConfigurations = (
				F30D9B6D297F8B790096A409 /* Debug */,
				F30D9B6E297F8B790096A409 /* Release */,
			);
			defaultConfigurationIsVisible = 0;
			defaultConfigurationName = Release;
		};
		F30D9B6F297F8B790096A409 /* Build configuration list for PBXNativeTarget "SearchRegionApp" */ = {
			isa = XCConfigurationList;
			buildConfigurations = (
				F30D9B70297F8B790096A409 /* Debug */,
				F30D9B71297F8B790096A409 /* Release */,
			);
			defaultConfigurationIsVisible = 0;
			defaultConfigurationName = Release;
		};
/* End XCConfigurationList section */
	};
	rootObject = F30D9B53297F8B770096A409 /* Project object */;
}
